
Microsoft Visual Studio Solution File, Format Version 12.00
# Visual Studio Version 16
VisualStudioVersion = 16.0.29920.165
MinimumVisualStudioVersion = 10.0.40219.1
Project("{FAE04EC0-301F-11D3-BF4B-00C04F79EFBC}") = "HomeWork7", "HomeWork7\HomeWork7.csproj", "{0D692C88-971F-410A-98CB-0DF50D06E505}"
EndProject
Project("{FAE04EC0-301F-11D3-BF4B-00C04F79EFBC}") = "HomeWork7-1", "..\HomeWork7-1\HomeWork7-1.csproj", "{C1E69F3E-7A1E-45D0-8D71-EF3D9A2893F8}"
EndProject
Project("{FAE04EC0-301F-11D3-BF4B-00C04F79EFBC}") = "HomeWork7-2-2", "..\HomeWork7-2-2\HomeWork7-2-2.csproj", "{7D93C89F-C4D7-4A26-94C3-5BC1924CD377}"
EndProject
Global
	GlobalSection(SolutionConfigurationPlatforms) = preSolution
		Debug|Any CPU = Debug|Any CPU
		Release|Any CPU = Release|Any CPU
	EndGlobalSection
	GlobalSection(ProjectConfigurationPlatforms) = postSolution
		{0D692C88-971F-410A-98CB-0DF50D06E505}.Debug|Any CPU.ActiveCfg = Debug|Any CPU
		{0D692C88-971F-410A-98CB-0DF50D06E505}.Debug|Any CPU.Build.0 = Debug|Any CPU
		{0D692C88-971F-410A-98CB-0DF50D06E505}.Release|Any CPU.ActiveCfg = Release|Any CPU
		{0D692C88-971F-410A-98CB-0DF50D06E505}.Release|Any CPU.Build.0 = Release|Any CPU
		{C1E69F3E-7A1E-45D0-8D71-EF3D9A2893F8}.Debug|Any CPU.ActiveCfg = Debug|Any CPU
		{C1E69F3E-7A1E-45D0-8D71-EF3D9A2893F8}.Debug|Any CPU.Build.0 = Debug|Any CPU
		{C1E69F3E-7A1E-45D0-8D71-EF3D9A2893F8}.Release|Any CPU.ActiveCfg = Release|Any CPU
		{C1E69F3E-7A1E-45D0-8D71-EF3D9A2893F8}.Release|Any CPU.Build.0 = Release|Any CPU
		{7D93C89F-C4D7-4A26-94C3-5BC1924CD377}.Debug|Any CPU.ActiveCfg = Debug|Any CPU
		{7D93C89F-C4D7-4A26-94C3-5BC1924CD377}.Debug|Any CPU.Build.0 = Debug|Any CPU
		{7D93C89F-C4D7-4A26-94C3-5BC1924CD377}.Release|Any CPU.ActiveCfg = Release|Any CPU
		{7D93C89F-C4D7-4A26-94C3-5BC1924CD377}.Release|Any CPU.Build.0 = Release|Any CPU
	EndGlobalSection
	GlobalSection(SolutionProperties) = preSolution
		HideSolutionNode = FALSE
	EndGlobalSection
	GlobalSection(ExtensibilityGlobals) = postSolution
		SolutionGuid = {27BA0B91-D01C-4919-B82F-E9A5DBBE3508}
	EndGlobalSection
EndGlobal
