
Microsoft Visual Studio Solution File, Format Version 12.00
# Visual Studio Version 16
VisualStudioVersion = 16.0.29920.165
MinimumVisualStudioVersion = 10.0.40219.1
Project("{FAE04EC0-301F-11D3-BF4B-00C04F79EFBC}") = "ClassWork16", "ClassWork16\ClassWork16.csproj", "{A85BC140-C414-4467-B2AD-99F7313B4F55}"
EndProject
Project("{FAE04EC0-301F-11D3-BF4B-00C04F79EFBC}") = "CircleOperation", "CircleOperation\CircleOperation.csproj", "{4AC7A617-8BE4-4882-A849-834A46970E0E}"
EndProject
Project("{FAE04EC0-301F-11D3-BF4B-00C04F79EFBC}") = "OperationFigure", "OperationFigure\OperationFigure.csproj", "{3DB62C19-140A-4F96-B603-B5CEC87AAFF2}"
EndProject
Global
	GlobalSection(SolutionConfigurationPlatforms) = preSolution
		Debug|Any CPU = Debug|Any CPU
		Release|Any CPU = Release|Any CPU
	EndGlobalSection
	GlobalSection(ProjectConfigurationPlatforms) = postSolution
		{A85BC140-C414-4467-B2AD-99F7313B4F55}.Debug|Any CPU.ActiveCfg = Debug|Any CPU
		{A85BC140-C414-4467-B2AD-99F7313B4F55}.Debug|Any CPU.Build.0 = Debug|Any CPU
		{A85BC140-C414-4467-B2AD-99F7313B4F55}.Release|Any CPU.ActiveCfg = Release|Any CPU
		{A85BC140-C414-4467-B2AD-99F7313B4F55}.Release|Any CPU.Build.0 = Release|Any CPU
		{4AC7A617-8BE4-4882-A849-834A46970E0E}.Debug|Any CPU.ActiveCfg = Debug|Any CPU
		{4AC7A617-8BE4-4882-A849-834A46970E0E}.Debug|Any CPU.Build.0 = Debug|Any CPU
		{4AC7A617-8BE4-4882-A849-834A46970E0E}.Release|Any CPU.ActiveCfg = Release|Any CPU
		{4AC7A617-8BE4-4882-A849-834A46970E0E}.Release|Any CPU.Build.0 = Release|Any CPU
		{3DB62C19-140A-4F96-B603-B5CEC87AAFF2}.Debug|Any CPU.ActiveCfg = Debug|Any CPU
		{3DB62C19-140A-4F96-B603-B5CEC87AAFF2}.Debug|Any CPU.Build.0 = Debug|Any CPU
		{3DB62C19-140A-4F96-B603-B5CEC87AAFF2}.Release|Any CPU.ActiveCfg = Release|Any CPU
		{3DB62C19-140A-4F96-B603-B5CEC87AAFF2}.Release|Any CPU.Build.0 = Release|Any CPU
	EndGlobalSection
	GlobalSection(SolutionProperties) = preSolution
		HideSolutionNode = FALSE
	EndGlobalSection
	GlobalSection(ExtensibilityGlobals) = postSolution
		SolutionGuid = {C5B232AE-8EC7-4BCF-A4AB-CE23CC4223ED}
	EndGlobalSection
EndGlobal
