
Microsoft Visual Studio Solution File, Format Version 12.00
# Visual Studio Version 16
VisualStudioVersion = 16.0.29920.165
MinimumVisualStudioVersion = 10.0.40219.1
Project("{9A19103F-16F7-4668-BE54-9A1E7A4F7556}") = "HomeWork4", "HomeWork4.csproj", "{B0B76197-20E9-43FE-9759-6BB5F2E54141}"
EndProject
Global
	GlobalSection(SolutionConfigurationPlatforms) = preSolution
		Debug|Any CPU = Debug|Any CPU
		Release|Any CPU = Release|Any CPU
	EndGlobalSection
	GlobalSection(ProjectConfigurationPlatforms) = postSolution
		{B0B76197-20E9-43FE-9759-6BB5F2E54141}.Debug|Any CPU.ActiveCfg = Debug|Any CPU
		{B0B76197-20E9-43FE-9759-6BB5F2E54141}.Debug|Any CPU.Build.0 = Debug|Any CPU
		{B0B76197-20E9-43FE-9759-6BB5F2E54141}.Release|Any CPU.ActiveCfg = Release|Any CPU
		{B0B76197-20E9-43FE-9759-6BB5F2E54141}.Release|Any CPU.Build.0 = Release|Any CPU
	EndGlobalSection
	GlobalSection(SolutionProperties) = preSolution
		HideSolutionNode = FALSE
	EndGlobalSection
	GlobalSection(ExtensibilityGlobals) = postSolution
		SolutionGuid = {95F2F1FA-EA27-4198-8633-12414701F1B8}
	EndGlobalSection
EndGlobal
