
Microsoft Visual Studio Solution File, Format Version 12.00
# Visual Studio Version 16
VisualStudioVersion = 16.0.29920.165
MinimumVisualStudioVersion = 10.0.40219.1
Project("{FAE04EC0-301F-11D3-BF4B-00C04F79EFBC}") = "ClassWork14", "ClassWork14\ClassWork14.csproj", "{1E001EB8-A1B0-47F9-ACEB-818B762909C4}"
EndProject
Global
	GlobalSection(SolutionConfigurationPlatforms) = preSolution
		Debug|Any CPU = Debug|Any CPU
		Release|Any CPU = Release|Any CPU
	EndGlobalSection
	GlobalSection(ProjectConfigurationPlatforms) = postSolution
		{1E001EB8-A1B0-47F9-ACEB-818B762909C4}.Debug|Any CPU.ActiveCfg = Debug|Any CPU
		{1E001EB8-A1B0-47F9-ACEB-818B762909C4}.Debug|Any CPU.Build.0 = Debug|Any CPU
		{1E001EB8-A1B0-47F9-ACEB-818B762909C4}.Release|Any CPU.ActiveCfg = Release|Any CPU
		{1E001EB8-A1B0-47F9-ACEB-818B762909C4}.Release|Any CPU.Build.0 = Release|Any CPU
	EndGlobalSection
	GlobalSection(SolutionProperties) = preSolution
		HideSolutionNode = FALSE
	EndGlobalSection
	GlobalSection(ExtensibilityGlobals) = postSolution
		SolutionGuid = {6545FED1-8FFA-4CA3-806D-9EF30D7831A2}
	EndGlobalSection
EndGlobal
