
Microsoft Visual Studio Solution File, Format Version 12.00
# Visual Studio Version 16
VisualStudioVersion = 16.0.29920.165
MinimumVisualStudioVersion = 10.0.40219.1
Project("{FAE04EC0-301F-11D3-BF4B-00C04F79EFBC}") = "HomeWork11", "HomeWork11\HomeWork11.csproj", "{D3B44B67-7765-47A5-B7A7-BEA886D38445}"
EndProject
Global
	GlobalSection(SolutionConfigurationPlatforms) = preSolution
		Debug|Any CPU = Debug|Any CPU
		Release|Any CPU = Release|Any CPU
	EndGlobalSection
	GlobalSection(ProjectConfigurationPlatforms) = postSolution
		{D3B44B67-7765-47A5-B7A7-BEA886D38445}.Debug|Any CPU.ActiveCfg = Debug|Any CPU
		{D3B44B67-7765-47A5-B7A7-BEA886D38445}.Debug|Any CPU.Build.0 = Debug|Any CPU
		{D3B44B67-7765-47A5-B7A7-BEA886D38445}.Release|Any CPU.ActiveCfg = Release|Any CPU
		{D3B44B67-7765-47A5-B7A7-BEA886D38445}.Release|Any CPU.Build.0 = Release|Any CPU
	EndGlobalSection
	GlobalSection(SolutionProperties) = preSolution
		HideSolutionNode = FALSE
	EndGlobalSection
	GlobalSection(ExtensibilityGlobals) = postSolution
		SolutionGuid = {03941B7A-AF0E-41FC-BA3E-96B48D31F1B8}
	EndGlobalSection
EndGlobal
