
Microsoft Visual Studio Solution File, Format Version 12.00
# Visual Studio Version 16
VisualStudioVersion = 16.0.29920.165
MinimumVisualStudioVersion = 10.0.40219.1
Project("{FAE04EC0-301F-11D3-BF4B-00C04F79EFBC}") = "Reminder.Storage", "Reminder.Storage\Reminder.Storage.csproj", "{6900E120-ADA8-4725-BBA5-99561DF9978F}"
EndProject
Project("{FAE04EC0-301F-11D3-BF4B-00C04F79EFBC}") = "Reminder.Storage.Memory", "Reminder.Storege.Memory\Reminder.Storage.Memory.csproj", "{C825AADE-664B-4579-A347-7E1E54E7D1D8}"
EndProject
Project("{FAE04EC0-301F-11D3-BF4B-00C04F79EFBC}") = "Reminder.Storage.Memory.Test", "Reminder.Storage.Memory.Test\Reminder.Storage.Memory.Test.csproj", "{8E5DAE03-B1A4-4E75-A558-7DE853CD1375}"
EndProject
Project("{FAE04EC0-301F-11D3-BF4B-00C04F79EFBC}") = "Reminder.Domain", "Reminder.Domain\Reminder.Domain.csproj", "{33497606-EB75-42E5-861A-758779305605}"
EndProject
Project("{FAE04EC0-301F-11D3-BF4B-00C04F79EFBC}") = "Reminder.Storage.Tests", "Reminder.Storage.Tests\Reminder.Storage.Tests.csproj", "{872A1BD2-BAE3-468D-B643-D4B840C8DF59}"
EndProject
Global
	GlobalSection(SolutionConfigurationPlatforms) = preSolution
		Debug|Any CPU = Debug|Any CPU
		Release|Any CPU = Release|Any CPU
	EndGlobalSection
	GlobalSection(ProjectConfigurationPlatforms) = postSolution
		{6900E120-ADA8-4725-BBA5-99561DF9978F}.Debug|Any CPU.ActiveCfg = Debug|Any CPU
		{6900E120-ADA8-4725-BBA5-99561DF9978F}.Debug|Any CPU.Build.0 = Debug|Any CPU
		{6900E120-ADA8-4725-BBA5-99561DF9978F}.Release|Any CPU.ActiveCfg = Release|Any CPU
		{6900E120-ADA8-4725-BBA5-99561DF9978F}.Release|Any CPU.Build.0 = Release|Any CPU
		{C825AADE-664B-4579-A347-7E1E54E7D1D8}.Debug|Any CPU.ActiveCfg = Debug|Any CPU
		{C825AADE-664B-4579-A347-7E1E54E7D1D8}.Debug|Any CPU.Build.0 = Debug|Any CPU
		{C825AADE-664B-4579-A347-7E1E54E7D1D8}.Release|Any CPU.ActiveCfg = Release|Any CPU
		{C825AADE-664B-4579-A347-7E1E54E7D1D8}.Release|Any CPU.Build.0 = Release|Any CPU
		{8E5DAE03-B1A4-4E75-A558-7DE853CD1375}.Debug|Any CPU.ActiveCfg = Debug|Any CPU
		{8E5DAE03-B1A4-4E75-A558-7DE853CD1375}.Debug|Any CPU.Build.0 = Debug|Any CPU
		{8E5DAE03-B1A4-4E75-A558-7DE853CD1375}.Release|Any CPU.ActiveCfg = Release|Any CPU
		{8E5DAE03-B1A4-4E75-A558-7DE853CD1375}.Release|Any CPU.Build.0 = Release|Any CPU
		{33497606-EB75-42E5-861A-758779305605}.Debug|Any CPU.ActiveCfg = Debug|Any CPU
		{33497606-EB75-42E5-861A-758779305605}.Debug|Any CPU.Build.0 = Debug|Any CPU
		{33497606-EB75-42E5-861A-758779305605}.Release|Any CPU.ActiveCfg = Release|Any CPU
		{33497606-EB75-42E5-861A-758779305605}.Release|Any CPU.Build.0 = Release|Any CPU
		{872A1BD2-BAE3-468D-B643-D4B840C8DF59}.Debug|Any CPU.ActiveCfg = Debug|Any CPU
		{872A1BD2-BAE3-468D-B643-D4B840C8DF59}.Debug|Any CPU.Build.0 = Debug|Any CPU
		{872A1BD2-BAE3-468D-B643-D4B840C8DF59}.Release|Any CPU.ActiveCfg = Release|Any CPU
		{872A1BD2-BAE3-468D-B643-D4B840C8DF59}.Release|Any CPU.Build.0 = Release|Any CPU
	EndGlobalSection
	GlobalSection(SolutionProperties) = preSolution
		HideSolutionNode = FALSE
	EndGlobalSection
	GlobalSection(ExtensibilityGlobals) = postSolution
		SolutionGuid = {4CBF4585-F0E1-4199-9552-4DB1EFD1FE32}
	EndGlobalSection
EndGlobal
